// !$*UTF8*$!
{
	archiveVersion = 1;
	classes = {
	};
	objectVersion = 50;
	objects = {

/* Begin PBXBuildFile section */
		2BD0ADBB213F6BDC00159751 /* AppDelegate.swift in Sources */ = {isa = PBXBuildFile; fileRef = 2BD0ADBA213F6BDC00159751 /* AppDelegate.swift */; };
		2BD0ADBD213F6BDC00159751 /* ViewController.swift in Sources */ = {isa = PBXBuildFile; fileRef = 2BD0ADBC213F6BDC00159751 /* ViewController.swift */; };
		2BD0ADC0213F6BDC00159751 /* Main.storyboard in Resources */ = {isa = PBXBuildFile; fileRef = 2BD0ADBE213F6BDC00159751 /* Main.storyboard */; };
		2BD0ADC2213F6BDD00159751 /* Assets.xcassets in Resources */ = {isa = PBXBuildFile; fileRef = 2BD0ADC1213F6BDD00159751 /* Assets.xcassets */; };
		2BD0ADC5213F6BDD00159751 /* LaunchScreen.storyboard in Resources */ = {isa = PBXBuildFile; fileRef = 2BD0ADC3213F6BDD00159751 /* LaunchScreen.storyboard */; };
		2BD0ADD0213F6BDD00159751 /* BLE_SwiftTests.swift in Sources */ = {isa = PBXBuildFile; fileRef = 2BD0ADCF213F6BDD00159751 /* BLE_SwiftTests.swift */; };
		2BD0ADDB213F6BDD00159751 /* BLE_SwiftUITests.swift in Sources */ = {isa = PBXBuildFile; fileRef = 2BD0ADDA213F6BDD00159751 /* BLE_SwiftUITests.swift */; };
/* End PBXBuildFile section */

/* Begin PBXContainerItemProxy section */
		2BD0ADCC213F6BDD00159751 /* PBXContainerItemProxy */ = {
			isa = PBXContainerItemProxy;
			containerPortal = 2BD0ADAF213F6BDC00159751 /* Project object */;
			proxyType = 1;
			remoteGlobalIDString = 2BD0ADB6213F6BDC00159751;
			remoteInfo = BLE_Swift;
		};
		2BD0ADD7213F6BDD00159751 /* PBXContainerItemProxy */ = {
			isa = PBXContainerItemProxy;
			containerPortal = 2BD0ADAF213F6BDC00159751 /* Project object */;
			proxyType = 1;
			remoteGlobalIDString = 2BD0ADB6213F6BDC00159751;
			remoteInfo = BLE_Swift;
		};
/* End PBXContainerItemProxy section */

/* Begin PBXFileReference section */
		2BD0ADB7213F6BDC00159751 /* BLE_Swift.app */ = {isa = PBXFileReference; explicitFileType = wrapper.application; includeInIndex = 0; path = BLE_Swift.app; sourceTree = BUILT_PRODUCTS_DIR; };
		2BD0ADBA213F6BDC00159751 /* AppDelegate.swift */ = {isa = PBXFileReference; lastKnownFileType = sourcecode.swift; path = AppDelegate.swift; sourceTree = "<group>"; };
		2BD0ADBC213F6BDC00159751 /* ViewController.swift */ = {isa = PBXFileReference; lastKnownFileType = sourcecode.swift; path = ViewController.swift; sourceTree = "<group>"; };
		2BD0ADBF213F6BDC00159751 /* Base */ = {isa = PBXFileReference; lastKnownFileType = file.storyboard; name = Base; path = Base.lproj/Main.storyboard; sourceTree = "<group>"; };
		2BD0ADC1213F6BDD00159751 /* Assets.xcassets */ = {isa = PBXFileReference; lastKnownFileType = folder.assetcatalog; path = Assets.xcassets; sourceTree = "<group>"; };
		2BD0ADC4213F6BDD00159751 /* Base */ = {isa = PBXFileReference; lastKnownFileType = file.storyboard; name = Base; path = Base.lproj/LaunchScreen.storyboard; sourceTree = "<group>"; };
		2BD0ADC6213F6BDD00159751 /* Info.plist */ = {isa = PBXFileReference; lastKnownFileType = text.plist.xml; path = Info.plist; sourceTree = "<group>"; };
		2BD0ADCB213F6BDD00159751 /* BLE_SwiftTests.xctest */ = {isa = PBXFileReference; explicitFileType = wrapper.cfbundle; includeInIndex = 0; path = BLE_SwiftTests.xctest; sourceTree = BUILT_PRODUCTS_DIR; };
		2BD0ADCF213F6BDD00159751 /* BLE_SwiftTests.swift */ = {isa = PBXFileReference; lastKnownFileType = sourcecode.swift; path = BLE_SwiftTests.swift; sourceTree = "<group>"; };
		2BD0ADD1213F6BDD00159751 /* Info.plist */ = {isa = PBXFileReference; lastKnownFileType = text.plist.xml; path = Info.plist; sourceTree = "<group>"; };
		2BD0ADD6213F6BDD00159751 /* BLE_SwiftUITests.xctest */ = {isa = PBXFileReference; explicitFileType = wrapper.cfbundle; includeInIndex = 0; path = BLE_SwiftUITests.xctest; sourceTree = BUILT_PRODUCTS_DIR; };
		2BD0ADDA213F6BDD00159751 /* BLE_SwiftUITests.swift */ = {isa = PBXFileReference; lastKnownFileType = sourcecode.swift; path = BLE_SwiftUITests.swift; sourceTree = "<group>"; };
		2BD0ADDC213F6BDD00159751 /* Info.plist */ = {isa = PBXFileReference; lastKnownFileType = text.plist.xml; path = Info.plist; sourceTree = "<group>"; };
/* End PBXFileReference section */

/* Begin PBXFrameworksBuildPhase section */
		2BD0ADB4213F6BDC00159751 /* Frameworks */ = {
			isa = PBXFrameworksBuildPhase;
			buildActionMask = 2147483647;
			files = (
			);
			runOnlyForDeploymentPostprocessing = 0;
		};
		2BD0ADC8213F6BDD00159751 /* Frameworks */ = {
			isa = PBXFrameworksBuildPhase;
			buildActionMask = 2147483647;
			files = (
			);
			runOnlyForDeploymentPostprocessing = 0;
		};
		2BD0ADD3213F6BDD00159751 /* Frameworks */ = {
			isa = PBXFrameworksBuildPhase;
			buildActionMask = 2147483647;
			files = (
			);
			runOnlyForDeploymentPostprocessing = 0;
		};
/* End PBXFrameworksBuildPhase section */

/* Begin PBXGroup section */
		2BD0ADAE213F6BDC00159751 = {
			isa = PBXGroup;
			children = (
				2BD0ADB9213F6BDC00159751 /* BLE_Swift */,
				2BD0ADCE213F6BDD00159751 /* BLE_SwiftTests */,
				2BD0ADD9213F6BDD00159751 /* BLE_SwiftUITests */,
				2BD0ADB8213F6BDC00159751 /* Products */,
			);
			sourceTree = "<group>";
		};
		2BD0ADB8213F6BDC00159751 /* Products */ = {
			isa = PBXGroup;
			children = (
				2BD0ADB7213F6BDC00159751 /* BLE_Swift.app */,
				2BD0ADCB213F6BDD00159751 /* BLE_SwiftTests.xctest */,
				2BD0ADD6213F6BDD00159751 /* BLE_SwiftUITests.xctest */,
			);
			name = Products;
			sourceTree = "<group>";
		};
		2BD0ADB9213F6BDC00159751 /* BLE_Swift */ = {
			isa = PBXGroup;
			children = (
				2BD0ADE8213F717B00159751 /* BLELib */,
				2BD0ADBA213F6BDC00159751 /* AppDelegate.swift */,
				2BD0ADBC213F6BDC00159751 /* ViewController.swift */,
				2BD0ADBE213F6BDC00159751 /* Main.storyboard */,
				2BD0ADC1213F6BDD00159751 /* Assets.xcassets */,
				2BD0ADC3213F6BDD00159751 /* LaunchScreen.storyboard */,
				2BD0ADC6213F6BDD00159751 /* Info.plist */,
			);
			path = BLE_Swift;
			sourceTree = "<group>";
		};
		2BD0ADCE213F6BDD00159751 /* BLE_SwiftTests */ = {
			isa = PBXGroup;
			children = (
				2BD0ADCF213F6BDD00159751 /* BLE_SwiftTests.swift */,
				2BD0ADD1213F6BDD00159751 /* Info.plist */,
			);
			path = BLE_SwiftTests;
			sourceTree = "<group>";
		};
		2BD0ADD9213F6BDD00159751 /* BLE_SwiftUITests */ = {
			isa = PBXGroup;
			children = (
				2BD0ADDA213F6BDD00159751 /* BLE_SwiftUITests.swift */,
				2BD0ADDC213F6BDD00159751 /* Info.plist */,
			);
			path = BLE_SwiftUITests;
			sourceTree = "<group>";
		};
		2BD0ADE8213F717B00159751 /* BLELib */ = {
			isa = PBXGroup;
			children = (
			);
			path = BLELib;
			sourceTree = "<group>";
		};
/* End PBXGroup section */

/* Begin PBXNativeTarget section */
		2BD0ADB6213F6BDC00159751 /* BLE_Swift */ = {
			isa = PBXNativeTarget;
			buildConfigurationList = 2BD0ADDF213F6BDD00159751 /* Build configuration list for PBXNativeTarget "BLE_Swift" */;
			buildPhases = (
				2BD0ADB3213F6BDC00159751 /* Sources */,
				2BD0ADB4213F6BDC00159751 /* Frameworks */,
				2BD0ADB5213F6BDC00159751 /* Resources */,
			);
			buildRules = (
			);
			dependencies = (
			);
			name = BLE_Swift;
			productName = BLE_Swift;
			productReference = 2BD0ADB7213F6BDC00159751 /* BLE_Swift.app */;
			productType = "com.apple.product-type.application";
		};
		2BD0ADCA213F6BDD00159751 /* BLE_SwiftTests */ = {
			isa = PBXNativeTarget;
			buildConfigurationList = 2BD0ADE2213F6BDD00159751 /* Build configuration list for PBXNativeTarget "BLE_SwiftTests" */;
			buildPhases = (
				2BD0ADC7213F6BDD00159751 /* Sources */,
				2BD0ADC8213F6BDD00159751 /* Frameworks */,
				2BD0ADC9213F6BDD00159751 /* Resources */,
			);
			buildRules = (
			);
			dependencies = (
				2BD0ADCD213F6BDD00159751 /* PBXTargetDependency */,
			);
			name = BLE_SwiftTests;
			productName = BLE_SwiftTests;
			productReference = 2BD0ADCB213F6BDD00159751 /* BLE_SwiftTests.xctest */;
			productType = "com.apple.product-type.bundle.unit-test";
		};
		2BD0ADD5213F6BDD00159751 /* BLE_SwiftUITests */ = {
			isa = PBXNativeTarget;
			buildConfigurationList = 2BD0ADE5213F6BDD00159751 /* Build configuration list for PBXNativeTarget "BLE_SwiftUITests" */;
			buildPhases = (
				2BD0ADD2213F6BDD00159751 /* Sources */,
				2BD0ADD3213F6BDD00159751 /* Frameworks */,
				2BD0ADD4213F6BDD00159751 /* Resources */,
			);
			buildRules = (
			);
			dependencies = (
				2BD0ADD8213F6BDD00159751 /* PBXTargetDependency */,
			);
			name = BLE_SwiftUITests;
			productName = BLE_SwiftUITests;
			productReference = 2BD0ADD6213F6BDD00159751 /* BLE_SwiftUITests.xctest */;
			productType = "com.apple.product-type.bundle.ui-testing";
		};
/* End PBXNativeTarget section */

/* Begin PBXProject section */
		2BD0ADAF213F6BDC00159751 /* Project object */ = {
			isa = PBXProject;
			attributes = {
				LastSwiftUpdateCheck = 0940;
				LastUpgradeCheck = 0940;
				ORGANIZATIONNAME = appscomm;
				TargetAttributes = {
					2BD0ADB6213F6BDC00159751 = {
						CreatedOnToolsVersion = 9.4.1;
					};
					2BD0ADCA213F6BDD00159751 = {
						CreatedOnToolsVersion = 9.4.1;
						TestTargetID = 2BD0ADB6213F6BDC00159751;
					};
					2BD0ADD5213F6BDD00159751 = {
						CreatedOnToolsVersion = 9.4.1;
						TestTargetID = 2BD0ADB6213F6BDC00159751;
					};
				};
			};
			buildConfigurationList = 2BD0ADB2213F6BDC00159751 /* Build configuration list for PBXProject "BLE_Swift" */;
			compatibilityVersion = "Xcode 9.3";
			developmentRegion = en;
			hasScannedForEncodings = 0;
			knownRegions = (
				en,
				Base,
			);
			mainGroup = 2BD0ADAE213F6BDC00159751;
			productRefGroup = 2BD0ADB8213F6BDC00159751 /* Products */;
			projectDirPath = "";
			projectRoot = "";
			targets = (
				2BD0ADB6213F6BDC00159751 /* BLE_Swift */,
				2BD0ADCA213F6BDD00159751 /* BLE_SwiftTests */,
				2BD0ADD5213F6BDD00159751 /* BLE_SwiftUITests */,
			);
		};
/* End PBXProject section */

/* Begin PBXResourcesBuildPhase section */
		2BD0ADB5213F6BDC00159751 /* Resources */ = {
			isa = PBXResourcesBuildPhase;
			buildActionMask = 2147483647;
			files = (
				2BD0ADC5213F6BDD00159751 /* LaunchScreen.storyboard in Resources */,
				2BD0ADC2213F6BDD00159751 /* Assets.xcassets in Resources */,
				2BD0ADC0213F6BDC00159751 /* Main.storyboard in Resources */,
			);
			runOnlyForDeploymentPostprocessing = 0;
		};
		2BD0ADC9213F6BDD00159751 /* Resources */ = {
			isa = PBXResourcesBuildPhase;
			buildActionMask = 2147483647;
			files = (
			);
			runOnlyForDeploymentPostprocessing = 0;
		};
		2BD0ADD4213F6BDD00159751 /* Resources */ = {
			isa = PBXResourcesBuildPhase;
			buildActionMask = 2147483647;
			files = (
			);
			runOnlyForDeploymentPostprocessing = 0;
		};
/* End PBXResourcesBuildPhase section */

/* Begin PBXSourcesBuildPhase section */
		2BD0ADB3213F6BDC00159751 /* Sources */ = {
			isa = PBXSourcesBuildPhase;
			buildActionMask = 2147483647;
			files = (
				2BD0ADBD213F6BDC00159751 /* ViewController.swift in Sources */,
				2BD0ADBB213F6BDC00159751 /* AppDelegate.swift in Sources */,
			);
			runOnlyForDeploymentPostprocessing = 0;
		};
		2BD0ADC7213F6BDD00159751 /* Sources */ = {
			isa = PBXSourcesBuildPhase;
			buildActionMask = 2147483647;
			files = (
				2BD0ADD0213F6BDD00159751 /* BLE_SwiftTests.swift in Sources */,
			);
			runOnlyForDeploymentPostprocessing = 0;
		};
		2BD0ADD2213F6BDD00159751 /* Sources */ = {
			isa = PBXSourcesBuildPhase;
			buildActionMask = 2147483647;
			files = (
				2BD0ADDB213F6BDD00159751 /* BLE_SwiftUITests.swift in Sources */,
			);
			runOnlyForDeploymentPostprocessing = 0;
		};
/* End PBXSourcesBuildPhase section */

/* Begin PBXTargetDependency section */
		2BD0ADCD213F6BDD00159751 /* PBXTargetDependency */ = {
			isa = PBXTargetDependency;
			target = 2BD0ADB6213F6BDC00159751 /* BLE_Swift */;
			targetProxy = 2BD0ADCC213F6BDD00159751 /* PBXContainerItemProxy */;
		};
		2BD0ADD8213F6BDD00159751 /* PBXTargetDependency */ = {
			isa = PBXTargetDependency;
			target = 2BD0ADB6213F6BDC00159751 /* BLE_Swift */;
			targetProxy = 2BD0ADD7213F6BDD00159751 /* PBXContainerItemProxy */;
		};
/* End PBXTargetDependency section */

/* Begin PBXVariantGroup section */
		2BD0ADBE213F6BDC00159751 /* Main.storyboard */ = {
			isa = PBXVariantGroup;
			children = (
				2BD0ADBF213F6BDC00159751 /* Base */,
			);
			name = Main.storyboard;
			sourceTree = "<group>";
		};
		2BD0ADC3213F6BDD00159751 /* LaunchScreen.storyboard */ = {
			isa = PBXVariantGroup;
			children = (
				2BD0ADC4213F6BDD00159751 /* Base */,
			);
			name = LaunchScreen.storyboard;
			sourceTree = "<group>";
		};
/* End PBXVariantGroup section */

/* Begin XCBuildConfiguration section */
		2BD0ADDD213F6BDD00159751 /* Debug */ = {
			isa = XCBuildConfiguration;
			buildSettings = {
				ALWAYS_SEARCH_USER_PATHS = NO;
				CLANG_ANALYZER_NONNULL = YES;
				CLANG_ANALYZER_NUMBER_OBJECT_CONVERSION = YES_AGGRESSIVE;
				CLANG_CXX_LANGUAGE_STANDARD = "gnu++14";
				CLANG_CXX_LIBRARY = "libc++";
				CLANG_ENABLE_MODULES = YES;
				CLANG_ENABLE_OBJC_ARC = YES;
				CLANG_ENABLE_OBJC_WEAK = YES;
				CLANG_WARN_BLOCK_CAPTURE_AUTORELEASING = YES;
				CLANG_WARN_BOOL_CONVERSION = YES;
				CLANG_WARN_COMMA = YES;
				CLANG_WARN_CONSTANT_CONVERSION = YES;
				CLANG_WARN_DEPRECATED_OBJC_IMPLEMENTATIONS = YES;
				CLANG_WARN_DIRECT_OBJC_ISA_USAGE = YES_ERROR;
				CLANG_WARN_DOCUMENTATION_COMMENTS = YES;
				CLANG_WARN_EMPTY_BODY = YES;
				CLANG_WARN_ENUM_CONVERSION = YES;
				CLANG_WARN_INFINITE_RECURSION = YES;
				CLANG_WARN_INT_CONVERSION = YES;
				CLANG_WARN_NON_LITERAL_NULL_CONVERSION = YES;
				CLANG_WARN_OBJC_IMPLICIT_RETAIN_SELF = YES;
				CLANG_WARN_OBJC_LITERAL_CONVERSION = YES;
				CLANG_WARN_OBJC_ROOT_CLASS = YES_ERROR;
				CLANG_WARN_RANGE_LOOP_ANALYSIS = YES;
				CLANG_WARN_STRICT_PROTOTYPES = YES;
				CLANG_WARN_SUSPICIOUS_MOVE = YES;
				CLANG_WARN_UNGUARDED_AVAILABILITY = YES_AGGRESSIVE;
				CLANG_WARN_UNREACHABLE_CODE = YES;
				CLANG_WARN__DUPLICATE_METHOD_MATCH = YES;
				CODE_SIGN_IDENTITY = "iPhone Developer";
				COPY_PHASE_STRIP = NO;
				DEBUG_INFORMATION_FORMAT = dwarf;
				ENABLE_STRICT_OBJC_MSGSEND = YES;
				ENABLE_TESTABILITY = YES;
				GCC_C_LANGUAGE_STANDARD = gnu11;
				GCC_DYNAMIC_NO_PIC = NO;
				GCC_NO_COMMON_BLOCKS = YES;
				GCC_OPTIMIZATION_LEVEL = 0;
				GCC_PREPROCESSOR_DEFINITIONS = (
					"DEBUG=1",
					"$(inherited)",
				);
				GCC_WARN_64_TO_32_BIT_CONVERSION = YES;
				GCC_WARN_ABOUT_RETURN_TYPE = YES_ERROR;
				GCC_WARN_UNDECLARED_SELECTOR = YES;
				GCC_WARN_UNINITIALIZED_AUTOS = YES_AGGRESSIVE;
				GCC_WARN_UNUSED_FUNCTION = YES;
				GCC_WARN_UNUSED_VARIABLE = YES;
				IPHONEOS_DEPLOYMENT_TARGET = 11.4;
				MTL_ENABLE_DEBUG_INFO = YES;
				ONLY_ACTIVE_ARCH = YES;
				SDKROOT = iphoneos;
				SWIFT_ACTIVE_COMPILATION_CONDITIONS = DEBUG;
				SWIFT_OPTIMIZATION_LEVEL = "-Onone";
			};
			name = Debug;
		};
		2BD0ADDE213F6BDD00159751 /* Release */ = {
			isa = XCBuildConfiguration;
			buildSettings = {
				ALWAYS_SEARCH_USER_PATHS = NO;
				CLANG_ANALYZER_NONNULL = YES;
				CLANG_ANALYZER_NUMBER_OBJECT_CONVERSION = YES_AGGRESSIVE;
				CLANG_CXX_LANGUAGE_STANDARD = "gnu++14";
				CLANG_CXX_LIBRARY = "libc++";
				CLANG_ENABLE_MODULES = YES;
				CLANG_ENABLE_OBJC_ARC = YES;
				CLANG_ENABLE_OBJC_WEAK = YES;
				CLANG_WARN_BLOCK_CAPTURE_AUTORELEASING = YES;
				CLANG_WARN_BOOL_CONVERSION = YES;
				CLANG_WARN_COMMA = YES;
				CLANG_WARN_CONSTANT_CONVERSION = YES;
				CLANG_WARN_DEPRECATED_OBJC_IMPLEMENTATIONS = YES;
				CLANG_WARN_DIRECT_OBJC_ISA_USAGE = YES_ERROR;
				CLANG_WARN_DOCUMENTATION_COMMENTS = YES;
				CLANG_WARN_EMPTY_BODY = YES;
				CLANG_WARN_ENUM_CONVERSION = YES;
				CLANG_WARN_INFINITE_RECURSION = YES;
				CLANG_WARN_INT_CONVERSION = YES;
				CLANG_WARN_NON_LITERAL_NULL_CONVERSION = YES;
				CLANG_WARN_OBJC_IMPLICIT_RETAIN_SELF = YES;
				CLANG_WARN_OBJC_LITERAL_CONVERSION = YES;
				CLANG_WARN_OBJC_ROOT_CLASS = YES_ERROR;
				CLANG_WARN_RANGE_LOOP_ANALYSIS = YES;
				CLANG_WARN_STRICT_PROTOTYPES = YES;
				CLANG_WARN_SUSPICIOUS_MOVE = YES;
				CLANG_WARN_UNGUARDED_AVAILABILITY = YES_AGGRESSIVE;
				CLANG_WARN_UNREACHABLE_CODE = YES;
				CLANG_WARN__DUPLICATE_METHOD_MATCH = YES;
				CODE_SIGN_IDENTITY = "iPhone Developer";
				COPY_PHASE_STRIP = NO;
				DEBUG_INFORMATION_FORMAT = "dwarf-with-dsym";
				ENABLE_NS_ASSERTIONS = NO;
				ENABLE_STRICT_OBJC_MSGSEND = YES;
				GCC_C_LANGUAGE_STANDARD = gnu11;
				GCC_NO_COMMON_BLOCKS = YES;
				GCC_WARN_64_TO_32_BIT_CONVERSION = YES;
				GCC_WARN_ABOUT_RETURN_TYPE = YES_ERROR;
				GCC_WARN_UNDECLARED_SELECTOR = YES;
				GCC_WARN_UNINITIALIZED_AUTOS = YES_AGGRESSIVE;
				GCC_WARN_UNUSED_FUNCTION = YES;
				GCC_WARN_UNUSED_VARIABLE = YES;
				IPHONEOS_DEPLOYMENT_TARGET = 11.4;
				MTL_ENABLE_DEBUG_INFO = NO;
				SDKROOT = iphoneos;
				SWIFT_COMPILATION_MODE = wholemodule;
				SWIFT_OPTIMIZATION_LEVEL = "-O";
				VALIDATE_PRODUCT = YES;
			};
			name = Release;
		};
		2BD0ADE0213F6BDD00159751 /* Debug */ = {
			isa = XCBuildConfiguration;
			buildSettings = {
				ASSETCATALOG_COMPILER_APPICON_NAME = AppIcon;
				CODE_SIGN_STYLE = Automatic;
				DEVELOPMENT_TEAM = W74YV9GZDZ;
				INFOPLIST_FILE = BLE_Swift/Info.plist;
				IPHONEOS_DEPLOYMENT_TARGET = 9.0;
				LD_RUNPATH_SEARCH_PATHS = (
					"$(inherited)",
					"@executable_path/Frameworks",
				);
				PRODUCT_BUNDLE_IDENTIFIER = "cn.appscomm.BLE-Swift";
				PRODUCT_NAME = "$(TARGET_NAME)";
				SWIFT_VERSION = 4.0;
				TARGETED_DEVICE_FAMILY = "1,2";
			};
			name = Debug;
		};
		2BD0ADE1213F6BDD00159751 /* Release */ = {
			isa = XCBuildConfiguration;
			buildSettings = {
				ASSETCATALOG_COMPILER_APPICON_NAME = AppIcon;
				CODE_SIGN_STYLE = Automatic;
				DEVELOPMENT_TEAM = W74YV9GZDZ;
				INFOPLIST_FILE = BLE_Swift/Info.plist;
				IPHONEOS_DEPLOYMENT_TARGET = 9.0;
				LD_RUNPATH_SEARCH_PATHS = (
					"$(inherited)",
					"@executable_path/Frameworks",
				);
				PRODUCT_BUNDLE_IDENTIFIER = "cn.appscomm.BLE-Swift";
				PRODUCT_NAME = "$(TARGET_NAME)";
				SWIFT_VERSION = 4.0;
				TARGETED_DEVICE_FAMILY = "1,2";
			};
			name = Release;
		};
		2BD0ADE3213F6BDD00159751 /* Debug */ = {
			isa = XCBuildConfiguration;
			buildSettings = {
				ALWAYS_EMBED_SWIFT_STANDARD_LIBRARIES = YES;
				BUNDLE_LOADER = "$(TEST_HOST)";
				CODE_SIGN_STYLE = Automatic;
				DEVELOPMENT_TEAM = W74YV9GZDZ;
				INFOPLIST_FILE = BLE_SwiftTests/Info.plist;
				LD_RUNPATH_SEARCH_PATHS = (
					"$(inherited)",
					"@executable_path/Frameworks",
					"@loader_path/Frameworks",
				);
				PRODUCT_BUNDLE_IDENTIFIER = "cn.appscomm.BLE-SwiftTests";
				PRODUCT_NAME = "$(TARGET_NAME)";
				SWIFT_VERSION = 4.0;
				TARGETED_DEVICE_FAMILY = "1,2";
				TEST_HOST = "$(BUILT_PRODUCTS_DIR)/BLE_Swift.app/BLE_Swift";
			};
			name = Debug;
		};
		2BD0ADE4213F6BDD00159751 /* Release */ = {
			isa = XCBuildConfiguration;
			buildSettings = {
				ALWAYS_EMBED_SWIFT_STANDARD_LIBRARIES = YES;
				BUNDLE_LOADER = "$(TEST_HOST)";
				CODE_SIGN_STYLE = Automatic;
				DEVELOPMENT_TEAM = W74YV9GZDZ;
				INFOPLIST_FILE = BLE_SwiftTests/Info.plist;
				LD_RUNPATH_SEARCH_PATHS = (
					"$(inherited)",
					"@executable_path/Frameworks",
					"@loader_path/Frameworks",
				);
				PRODUCT_BUNDLE_IDENTIFIER = "cn.appscomm.BLE-SwiftTests";
				PRODUCT_NAME = "$(TARGET_NAME)";
				SWIFT_VERSION = 4.0;
				TARGETED_DEVICE_FAMILY = "1,2";
				TEST_HOST = "$(BUILT_PRODUCTS_DIR)/BLE_Swift.app/BLE_Swift";
			};
			name = Release;
		};
		2BD0ADE6213F6BDD00159751 /* Debug */ = {
			isa = XCBuildConfiguration;
			buildSettings = {
				ALWAYS_EMBED_SWIFT_STANDARD_LIBRARIES = YES;
				CODE_SIGN_STYLE = Automatic;
				DEVELOPMENT_TEAM = W74YV9GZDZ;
				INFOPLIST_FILE = BLE_SwiftUITests/Info.plist;
				LD_RUNPATH_SEARCH_PATHS = (
					"$(inherited)",
					"@executable_path/Frameworks",
					"@loader_path/Frameworks",
				);
				PRODUCT_BUNDLE_IDENTIFIER = "cn.appscomm.BLE-SwiftUITests";
				PRODUCT_NAME = "$(TARGET_NAME)";
				SWIFT_VERSION = 4.0;
				TARGETED_DEVICE_FAMILY = "1,2";
				TEST_TARGET_NAME = BLE_Swift;
			};
			name = Debug;
		};
		2BD0ADE7213F6BDD00159751 /* Release */ = {
			isa = XCBuildConfiguration;
			buildSettings = {
				ALWAYS_EMBED_SWIFT_STANDARD_LIBRARIES = YES;
				CODE_SIGN_STYLE = Automatic;
				DEVELOPMENT_TEAM = W74YV9GZDZ;
				INFOPLIST_FILE = BLE_SwiftUITests/Info.plist;
				LD_RUNPATH_SEARCH_PATHS = (
					"$(inherited)",
					"@executable_path/Frameworks",
					"@loader_path/Frameworks",
				);
				PRODUCT_BUNDLE_IDENTIFIER = "cn.appscomm.BLE-SwiftUITests";
				PRODUCT_NAME = "$(TARGET_NAME)";
				SWIFT_VERSION = 4.0;
				TARGETED_DEVICE_FAMILY = "1,2";
				TEST_TARGET_NAME = BLE_Swift;
			};
			name = Release;
		};
/* End XCBuildConfiguration section */

/* Begin XCConfigurationList section */
		2BD0ADB2213F6BDC00159751 /* Build configuration list for PBXProject "BLE_Swift" */ = {
			isa = XCConfigurationList;
			buildConfigurations = (
				2BD0ADDD213F6BDD00159751 /* Debug */,
				2BD0ADDE213F6BDD00159751 /* Release */,
			);
			defaultConfigurationIsVisible = 0;
			defaultConfigurationName = Release;
		};
		2BD0ADDF213F6BDD00159751 /* Build configuration list for PBXNativeTarget "BLE_Swift" */ = {
			isa = XCConfigurationList;
			buildConfigurations = (
				2BD0ADE0213F6BDD00159751 /* Debug */,
				2BD0ADE1213F6BDD00159751 /* Release */,
			);
			defaultConfigurationIsVisible = 0;
			defaultConfigurationName = Release;
		};
		2BD0ADE2213F6BDD00159751 /* Build configuration list for PBXNativeTarget "BLE_SwiftTests" */ = {
			isa = XCConfigurationList;
			buildConfigurations = (
				2BD0ADE3213F6BDD00159751 /* Debug */,
				2BD0ADE4213F6BDD00159751 /* Release */,
			);
			defaultConfigurationIsVisible = 0;
			defaultConfigurationName = Release;
		};
		2BD0ADE5213F6BDD00159751 /* Build configuration list for PBXNativeTarget "BLE_SwiftUITests" */ = {
			isa = XCConfigurationList;
			buildConfigurations = (
				2BD0ADE6213F6BDD00159751 /* Debug */,
				2BD0ADE7213F6BDD00159751 /* Release */,
			);
			defaultConfigurationIsVisible = 0;
			defaultConfigurationName = Release;
		};
/* End XCConfigurationList section */
	};
	rootObject = 2BD0ADAF213F6BDC00159751 /* Project object */;
}
